
Microsoft Visual Studio Solution File, Format Version 12.00
# Visual Studio Version 16
VisualStudioVersion = 16.0.30523.141
MinimumVisualStudioVersion = 10.0.40219.1
Project("{2150E333-8FDC-42A3-9474-1A3956D46DE8}") = "lib", "lib", "{DA3284DD-BEA6-4A5E-A878-5512166AAFCE}"
EndProject
Project("{FAE04EC0-301F-11D3-BF4B-00C04F79EFBC}") = "GameObjects", "lib\GameObjects\GameObjects.csproj", "{F24606A4-484C-4BA8-9560-99BDED3E6CF4}"
EndProject
Project("{FAE04EC0-301F-11D3-BF4B-00C04F79EFBC}") = "TestConsoleApplication", "TestConsoleApplication\TestConsoleApplication.csproj", "{23AA66DA-AB4D-4C08-AE2A-1DE28C6C1F8E}"
EndProject
Global
	GlobalSection(SolutionConfigurationPlatforms) = preSolution
		Debug|Any CPU = Debug|Any CPU
		Release|Any CPU = Release|Any CPU
	EndGlobalSection
	GlobalSection(ProjectConfigurationPlatforms) = postSolution
		{F24606A4-484C-4BA8-9560-99BDED3E6CF4}.Debug|Any CPU.ActiveCfg = Debug|Any CPU
		{F24606A4-484C-4BA8-9560-99BDED3E6CF4}.Debug|Any CPU.Build.0 = Debug|Any CPU
		{F24606A4-484C-4BA8-9560-99BDED3E6CF4}.Release|Any CPU.ActiveCfg = Release|Any CPU
		{F24606A4-484C-4BA8-9560-99BDED3E6CF4}.Release|Any CPU.Build.0 = Release|Any CPU
		{23AA66DA-AB4D-4C08-AE2A-1DE28C6C1F8E}.Debug|Any CPU.ActiveCfg = Debug|Any CPU
		{23AA66DA-AB4D-4C08-AE2A-1DE28C6C1F8E}.Debug|Any CPU.Build.0 = Debug|Any CPU
		{23AA66DA-AB4D-4C08-AE2A-1DE28C6C1F8E}.Release|Any CPU.ActiveCfg = Release|Any CPU
		{23AA66DA-AB4D-4C08-AE2A-1DE28C6C1F8E}.Release|Any CPU.Build.0 = Release|Any CPU
	EndGlobalSection
	GlobalSection(SolutionProperties) = preSolution
		HideSolutionNode = FALSE
	EndGlobalSection
	GlobalSection(NestedProjects) = preSolution
		{F24606A4-484C-4BA8-9560-99BDED3E6CF4} = {DA3284DD-BEA6-4A5E-A878-5512166AAFCE}
	EndGlobalSection
	GlobalSection(ExtensibilityGlobals) = postSolution
		SolutionGuid = {F95B0002-2A14-4CDE-99D8-4363DFEBB489}
	EndGlobalSection
EndGlobal
